
Microsoft Visual Studio Solution File, Format Version 12.00
# Visual Studio Version 17
VisualStudioVersion = 17.2.32630.192
MinimumVisualStudioVersion = 10.0.40219.1
Project("{9A19103F-16F7-4668-BE54-9A1E7A4F7556}") = "El_Sabroso_App", "El_Sabroso_App.csproj", "{196F0CCE-EDD1-41D2-BF69-C522E9EC9A1D}"
EndProject
Global
	GlobalSection(SolutionConfigurationPlatforms) = preSolution
		Debug|Any CPU = Debug|Any CPU
		Release|Any CPU = Release|Any CPU
	EndGlobalSection
	GlobalSection(ProjectConfigurationPlatforms) = postSolution
		{196F0CCE-EDD1-41D2-BF69-C522E9EC9A1D}.Debug|Any CPU.ActiveCfg = Debug|Any CPU
		{196F0CCE-EDD1-41D2-BF69-C522E9EC9A1D}.Debug|Any CPU.Build.0 = Debug|Any CPU
		{196F0CCE-EDD1-41D2-BF69-C522E9EC9A1D}.Release|Any CPU.ActiveCfg = Release|Any CPU
		{196F0CCE-EDD1-41D2-BF69-C522E9EC9A1D}.Release|Any CPU.Build.0 = Release|Any CPU
	EndGlobalSection
	GlobalSection(SolutionProperties) = preSolution
		HideSolutionNode = FALSE
	EndGlobalSection
	GlobalSection(ExtensibilityGlobals) = postSolution
		SolutionGuid = {0D1F04F6-6289-4F3B-AD4E-EADE2D5B13E1}
	EndGlobalSection
EndGlobal
